
Microsoft Visual Studio Solution File, Format Version 12.00
# Visual Studio Version 17
VisualStudioVersion = 17.6.33829.357
MinimumVisualStudioVersion = 10.0.40219.1
Project("{9A19103F-16F7-4668-BE54-9A1E7A4F7556}") = "lab3", "lab3\lab3.csproj", "{A8B2D184-E9D0-4523-98B1-BDF6EFEE9B8E}"
EndProject
Project("{9A19103F-16F7-4668-BE54-9A1E7A4F7556}") = "ConsoleApp1", "ConsoleApp1\ConsoleApp1.csproj", "{40D4EC73-781F-4A56-89D6-F6561B3FD1E9}"
EndProject
Project("{FAE04EC0-301F-11D3-BF4B-00C04F79EFBC}") = "ConsoleApp2", "ConsoleApp2\ConsoleApp2.csproj", "{630FFC0A-3EA8-476D-A696-5D4AB4A4F4F1}"
EndProject
Global
	GlobalSection(SolutionConfigurationPlatforms) = preSolution
		Debug|Any CPU = Debug|Any CPU
		Release|Any CPU = Release|Any CPU
	EndGlobalSection
	GlobalSection(ProjectConfigurationPlatforms) = postSolution
		{A8B2D184-E9D0-4523-98B1-BDF6EFEE9B8E}.Debug|Any CPU.ActiveCfg = Debug|Any CPU
		{A8B2D184-E9D0-4523-98B1-BDF6EFEE9B8E}.Debug|Any CPU.Build.0 = Debug|Any CPU
		{A8B2D184-E9D0-4523-98B1-BDF6EFEE9B8E}.Release|Any CPU.ActiveCfg = Release|Any CPU
		{A8B2D184-E9D0-4523-98B1-BDF6EFEE9B8E}.Release|Any CPU.Build.0 = Release|Any CPU
		{40D4EC73-781F-4A56-89D6-F6561B3FD1E9}.Debug|Any CPU.ActiveCfg = Debug|Any CPU
		{40D4EC73-781F-4A56-89D6-F6561B3FD1E9}.Debug|Any CPU.Build.0 = Debug|Any CPU
		{40D4EC73-781F-4A56-89D6-F6561B3FD1E9}.Release|Any CPU.ActiveCfg = Release|Any CPU
		{40D4EC73-781F-4A56-89D6-F6561B3FD1E9}.Release|Any CPU.Build.0 = Release|Any CPU
		{630FFC0A-3EA8-476D-A696-5D4AB4A4F4F1}.Debug|Any CPU.ActiveCfg = Debug|Any CPU
		{630FFC0A-3EA8-476D-A696-5D4AB4A4F4F1}.Debug|Any CPU.Build.0 = Debug|Any CPU
		{630FFC0A-3EA8-476D-A696-5D4AB4A4F4F1}.Release|Any CPU.ActiveCfg = Release|Any CPU
		{630FFC0A-3EA8-476D-A696-5D4AB4A4F4F1}.Release|Any CPU.Build.0 = Release|Any CPU
	EndGlobalSection
	GlobalSection(SolutionProperties) = preSolution
		HideSolutionNode = FALSE
	EndGlobalSection
	GlobalSection(ExtensibilityGlobals) = postSolution
		SolutionGuid = {A0D1D3C6-9FBC-47EA-B79B-B2039745450C}
	EndGlobalSection
EndGlobal
